
Microsoft Visual Studio Solution File, Format Version 12.00
# Visual Studio Version 16
VisualStudioVersion = 16.0.30309.148
MinimumVisualStudioVersion = 10.0.40219.1
Project("{9A19103F-16F7-4668-BE54-9A1E7A4F7556}") = "ConsoleApp4", "ConsoleApp4\ConsoleApp4.csproj", "{299B3FD2-754F-4EC5-AA13-816FA417911D}"
EndProject
Project("{FAE04EC0-301F-11D3-BF4B-00C04F79EFBC}") = "NqkakuvSait.Core", "NqkakuvSait.Core\NqkakuvSait.Core.csproj", "{4447F692-F6D9-43EB-8A7E-EFC52857D28E}"
EndProject
Project("{FAE04EC0-301F-11D3-BF4B-00C04F79EFBC}") = "NqkakuvSait.Data", "NqkakuvSait.Data\NqkakuvSait.Data.csproj", "{723E1C14-7DFB-439E-BC07-0705B1326757}"
EndProject
Global
	GlobalSection(SolutionConfigurationPlatforms) = preSolution
		Debug|Any CPU = Debug|Any CPU
		Release|Any CPU = Release|Any CPU
	EndGlobalSection
	GlobalSection(ProjectConfigurationPlatforms) = postSolution
		{299B3FD2-754F-4EC5-AA13-816FA417911D}.Debug|Any CPU.ActiveCfg = Debug|Any CPU
		{299B3FD2-754F-4EC5-AA13-816FA417911D}.Debug|Any CPU.Build.0 = Debug|Any CPU
		{299B3FD2-754F-4EC5-AA13-816FA417911D}.Release|Any CPU.ActiveCfg = Release|Any CPU
		{299B3FD2-754F-4EC5-AA13-816FA417911D}.Release|Any CPU.Build.0 = Release|Any CPU
		{4447F692-F6D9-43EB-8A7E-EFC52857D28E}.Debug|Any CPU.ActiveCfg = Debug|Any CPU
		{4447F692-F6D9-43EB-8A7E-EFC52857D28E}.Debug|Any CPU.Build.0 = Debug|Any CPU
		{4447F692-F6D9-43EB-8A7E-EFC52857D28E}.Release|Any CPU.ActiveCfg = Release|Any CPU
		{4447F692-F6D9-43EB-8A7E-EFC52857D28E}.Release|Any CPU.Build.0 = Release|Any CPU
		{723E1C14-7DFB-439E-BC07-0705B1326757}.Debug|Any CPU.ActiveCfg = Debug|Any CPU
		{723E1C14-7DFB-439E-BC07-0705B1326757}.Debug|Any CPU.Build.0 = Debug|Any CPU
		{723E1C14-7DFB-439E-BC07-0705B1326757}.Release|Any CPU.ActiveCfg = Release|Any CPU
		{723E1C14-7DFB-439E-BC07-0705B1326757}.Release|Any CPU.Build.0 = Release|Any CPU
	EndGlobalSection
	GlobalSection(SolutionProperties) = preSolution
		HideSolutionNode = FALSE
	EndGlobalSection
	GlobalSection(ExtensibilityGlobals) = postSolution
		SolutionGuid = {AC883D41-82C9-4AC8-9A57-23DE5221BE86}
	EndGlobalSection
EndGlobal
